# This file was autogenerated by Stack.
# You should not edit this file by hand.
# For more information, please see the documentation at:
#   https://docs.haskellstack.org/en/stable/lock_files

packages:
- completed:
    hackage: devanagari-transliterations-0.1.0.0@sha256:70b9c4a9e2fc6ad56ced3b4d7bd10bb5fba4cc88b360c2c20cf7370aeb8f1044,2754
    pantry-tree:
      sha256: d7d4a7c9be3947aaedead617c17c8d7a1124e5f5fc654742f48c803ad33ede21
      size: 662
  original:
    hackage: devanagari-transliterations-0.1.0.0
snapshots:
- completed:
    sha256: 8b211c5a6aad3787e023dfddaf7de7868968e4f240ecedf14ad1c5b2199046ca
    size: 714097
    url: https://raw.githubusercontent.com/commercialhaskell/stackage-snapshots/master/lts/22/4.yaml
  original:
    url: https://raw.githubusercontent.com/commercialhaskell/stackage-snapshots/master/lts/22/4.yaml
